%{
  "hol": {:hex, :hol, "1.0.2", "c53037cf43ce065a19430d910e97f7089b14432ab354a119ddac692b438cf2ba", [:mix], [], "hexpm", "a96d046ee7d5261d606b5609d0e50c42ad93dfa4225c85ebf96e84a068ce86c2"},
  "nimble_parsec": {:hex, :nimble_parsec, "1.4.2", "8efba0122db06df95bfaa78f791344a89352ba04baedd3849593bfce4d0dc1c6", [:mix], [], "hexpm", "4b21398942dda052b403bbe1da991ccd03a053668d147d53fb8c4e0efe09c973"},
}
